
Microsoft Visual Studio Solution File, Format Version 12.00
# Visual Studio Version 17
VisualStudioVersion = 17.11.35327.3
MinimumVisualStudioVersion = 10.0.40219.1
Project("{FAE04EC0-301F-11D3-BF4B-00C04F79EFBC}") = "algoritms-loop hometask", "algoritms-loop hometask\algoritms-loop hometask.csproj", "{B29C6E7C-4DD7-4BC0-AFA6-0385DD55834E}"
EndProject
Global
	GlobalSection(SolutionConfigurationPlatforms) = preSolution
		Debug|Any CPU = Debug|Any CPU
		Release|Any CPU = Release|Any CPU
	EndGlobalSection
	GlobalSection(ProjectConfigurationPlatforms) = postSolution
		{B29C6E7C-4DD7-4BC0-AFA6-0385DD55834E}.Debug|Any CPU.ActiveCfg = Debug|Any CPU
		{B29C6E7C-4DD7-4BC0-AFA6-0385DD55834E}.Debug|Any CPU.Build.0 = Debug|Any CPU
		{B29C6E7C-4DD7-4BC0-AFA6-0385DD55834E}.Release|Any CPU.ActiveCfg = Release|Any CPU
		{B29C6E7C-4DD7-4BC0-AFA6-0385DD55834E}.Release|Any CPU.Build.0 = Release|Any CPU
	EndGlobalSection
	GlobalSection(SolutionProperties) = preSolution
		HideSolutionNode = FALSE
	EndGlobalSection
	GlobalSection(ExtensibilityGlobals) = postSolution
		SolutionGuid = {8FD4EACC-D720-4DA1-AF0A-9B62E632E24A}
	EndGlobalSection
EndGlobal
